// !$*UTF8*$!
{
	archiveVersion = 1;
	classes = {
	};
	objectVersion = 46;
	objects = {

/* Begin PBXBuildFile section */
		113D4B2016EF10BB0078CF3D /* pageScanner.m in Sources */ = {isa = PBXBuildFile; fileRef = 113D4B1F16EF10BB0078CF3D /* pageScanner.m */; settings = {COMPILER_FLAGS = "-fno-objc-arc"; }; };
		11AF2DF416EDB79200B93891 /* XMInfo.m in Sources */ = {isa = PBXBuildFile; fileRef = 11AF2DF316EDB79200B93891 /* XMInfo.m */; };
		11AF2DF916EDB83200B93891 /* ScanViewController.m in Sources */ = {isa = PBXBuildFile; fileRef = 11AF2DF716EDB83100B93891 /* ScanViewController.m */; };
		11AF2DFA16EDB83200B93891 /* ScanViewController.xib in Resources */ = {isa = PBXBuildFile; fileRef = 11AF2DF816EDB83100B93891 /* ScanViewController.xib */; };
		879C423916C7BC4500B5A11A /* UIKit.framework in Frameworks */ = {isa = PBXBuildFile; fileRef = 879C423816C7BC4500B5A11A /* UIKit.framework */; };
		879C423B16C7BC4500B5A11A /* Foundation.framework in Frameworks */ = {isa = PBXBuildFile; fileRef = 879C423A16C7BC4500B5A11A /* Foundation.framework */; };
		879C423D16C7BC4500B5A11A /* CoreGraphics.framework in Frameworks */ = {isa = PBXBuildFile; fileRef = 879C423C16C7BC4500B5A11A /* CoreGraphics.framework */; };
		879C424316C7BC4500B5A11A /* InfoPlist.strings in Resources */ = {isa = PBXBuildFile; fileRef = 879C424116C7BC4500B5A11A /* InfoPlist.strings */; };
		879C424516C7BC4500B5A11A /* main.m in Sources */ = {isa = PBXBuildFile; fileRef = 879C424416C7BC4500B5A11A /* main.m */; };
		879C424916C7BC4500B5A11A /* AppDelegate.m in Sources */ = {isa = PBXBuildFile; fileRef = 879C424816C7BC4500B5A11A /* AppDelegate.m */; };
		879C424B16C7BC4500B5A11A /* Default.png in Resources */ = {isa = PBXBuildFile; fileRef = 879C424A16C7BC4500B5A11A /* Default.png */; };
		879C424D16C7BC4500B5A11A /* Default@2x.png in Resources */ = {isa = PBXBuildFile; fileRef = 879C424C16C7BC4500B5A11A /* Default@2x.png */; };
		879C424F16C7BC4500B5A11A /* Default-568h@2x.png in Resources */ = {isa = PBXBuildFile; fileRef = 879C424E16C7BC4500B5A11A /* Default-568h@2x.png */; };
		879C425216C7BC4500B5A11A /* ViewController.m in Sources */ = {isa = PBXBuildFile; fileRef = 879C425116C7BC4500B5A11A /* ViewController.m */; settings = {COMPILER_FLAGS = "-fno-objc-arc"; }; };
		879C425516C7BC4500B5A11A /* ViewController.xib in Resources */ = {isa = PBXBuildFile; fileRef = 879C425316C7BC4500B5A11A /* ViewController.xib */; };
		879C425D16C7BC4500B5A11A /* SenTestingKit.framework in Frameworks */ = {isa = PBXBuildFile; fileRef = 879C425C16C7BC4500B5A11A /* SenTestingKit.framework */; };
		879C425E16C7BC4500B5A11A /* UIKit.framework in Frameworks */ = {isa = PBXBuildFile; fileRef = 879C423816C7BC4500B5A11A /* UIKit.framework */; };
		879C425F16C7BC4500B5A11A /* Foundation.framework in Frameworks */ = {isa = PBXBuildFile; fileRef = 879C423A16C7BC4500B5A11A /* Foundation.framework */; };
		879C426716C7BC4500B5A11A /* InfoPlist.strings in Resources */ = {isa = PBXBuildFile; fileRef = 879C426516C7BC4500B5A11A /* InfoPlist.strings */; };
		879C426A16C7BC4500B5A11A /* PDFReaderTests.m in Sources */ = {isa = PBXBuildFile; fileRef = 879C426916C7BC4500B5A11A /* PDFReaderTests.m */; };
		879C427416C7F4E700B5A11A /* QuartzCore.framework in Frameworks */ = {isa = PBXBuildFile; fileRef = 879C427316C7F4E700B5A11A /* QuartzCore.framework */; };
		879C427616C7F4F600B5A11A /* CoreText.framework in Frameworks */ = {isa = PBXBuildFile; fileRef = 879C427516C7F4F600B5A11A /* CoreText.framework */; };
		879C428316C7F60400B5A11A /* DocumentsView.m in Sources */ = {isa = PBXBuildFile; fileRef = 879C427816C7F60300B5A11A /* DocumentsView.m */; };
		879C428416C7F60400B5A11A /* DocumentsView.m in Sources */ = {isa = PBXBuildFile; fileRef = 879C427816C7F60300B5A11A /* DocumentsView.m */; };
		879C428516C7F60400B5A11A /* OutlineViewController.m in Sources */ = {isa = PBXBuildFile; fileRef = 879C427A16C7F60300B5A11A /* OutlineViewController.m */; };
		879C428616C7F60400B5A11A /* OutlineViewController.m in Sources */ = {isa = PBXBuildFile; fileRef = 879C427A16C7F60300B5A11A /* OutlineViewController.m */; };
		879C428916C7F60400B5A11A /* PDFTextViewController.m in Sources */ = {isa = PBXBuildFile; fileRef = 879C427E16C7F60300B5A11A /* PDFTextViewController.m */; };
		879C428A16C7F60400B5A11A /* PDFTextViewController.m in Sources */ = {isa = PBXBuildFile; fileRef = 879C427E16C7F60300B5A11A /* PDFTextViewController.m */; };
		879C428B16C7F60400B5A11A /* PDFPage.m in Sources */ = {isa = PBXBuildFile; fileRef = 879C428016C7F60400B5A11A /* PDFPage.m */; };
		879C428C16C7F60400B5A11A /* PDFPage.m in Sources */ = {isa = PBXBuildFile; fileRef = 879C428016C7F60400B5A11A /* PDFPage.m */; };
		879C428D16C7F60400B5A11A /* PDFScrollView.m in Sources */ = {isa = PBXBuildFile; fileRef = 879C428216C7F60400B5A11A /* PDFScrollView.m */; };
		879C428E16C7F60400B5A11A /* PDFScrollView.m in Sources */ = {isa = PBXBuildFile; fileRef = 879C428216C7F60400B5A11A /* PDFScrollView.m */; };
		879C429016C7F74100B5A11A /* drawingwithquartz2d.pdf in Resources */ = {isa = PBXBuildFile; fileRef = 879C428F16C7F74100B5A11A /* drawingwithquartz2d.pdf */; };
		879C429116C7F74100B5A11A /* drawingwithquartz2d.pdf in Resources */ = {isa = PBXBuildFile; fileRef = 879C428F16C7F74100B5A11A /* drawingwithquartz2d.pdf */; };
		879C429316C7F74800B5A11A /* oreilly-978-4-87311-549-8e.pdf in Resources */ = {isa = PBXBuildFile; fileRef = 879C429216C7F74800B5A11A /* oreilly-978-4-87311-549-8e.pdf */; };
		879C429416C7F74800B5A11A /* oreilly-978-4-87311-549-8e.pdf in Resources */ = {isa = PBXBuildFile; fileRef = 879C429216C7F74800B5A11A /* oreilly-978-4-87311-549-8e.pdf */; };
		879C429616C7F75200B5A11A /* sample.pdf in Resources */ = {isa = PBXBuildFile; fileRef = 879C429516C7F75200B5A11A /* sample.pdf */; };
		879C429716C7F75200B5A11A /* sample.pdf in Resources */ = {isa = PBXBuildFile; fileRef = 879C429516C7F75200B5A11A /* sample.pdf */; };
		879C42A416C7F8B300B5A11A /* RenderingState.m in Sources */ = {isa = PBXBuildFile; fileRef = 879C429916C7F8A800B5A11A /* RenderingState.m */; settings = {COMPILER_FLAGS = "-fno-objc-arc"; }; };
		879C42A516C7F8B300B5A11A /* RenderingState.m in Sources */ = {isa = PBXBuildFile; fileRef = 879C429916C7F8A800B5A11A /* RenderingState.m */; };
		879C42A616C7F8B300B5A11A /* RenderingStateStack.m in Sources */ = {isa = PBXBuildFile; fileRef = 879C429B16C7F8AA00B5A11A /* RenderingStateStack.m */; settings = {COMPILER_FLAGS = "-fno-objc-arc"; }; };
		879C42A716C7F8B300B5A11A /* RenderingStateStack.m in Sources */ = {isa = PBXBuildFile; fileRef = 879C429B16C7F8AA00B5A11A /* RenderingStateStack.m */; };
		879C42A816C7F8B300B5A11A /* pdfScannerCallbacks.mm in Sources */ = {isa = PBXBuildFile; fileRef = 879C429C16C7F8AB00B5A11A /* pdfScannerCallbacks.mm */; settings = {COMPILER_FLAGS = "-fno-objc-arc"; }; };
		879C42A916C7F8B300B5A11A /* pdfScannerCallbacks.mm in Sources */ = {isa = PBXBuildFile; fileRef = 879C429C16C7F8AB00B5A11A /* pdfScannerCallbacks.mm */; };
		879C42AA16C7F8B300B5A11A /* Scanner.m in Sources */ = {isa = PBXBuildFile; fileRef = 879C429E16C7F8AD00B5A11A /* Scanner.m */; settings = {COMPILER_FLAGS = "-fno-objc-arc"; }; };
		879C42AB16C7F8B300B5A11A /* Scanner.m in Sources */ = {isa = PBXBuildFile; fileRef = 879C429E16C7F8AD00B5A11A /* Scanner.m */; };
		879C42AC16C7F8B300B5A11A /* StringDetector.m in Sources */ = {isa = PBXBuildFile; fileRef = 879C42A016C7F8B000B5A11A /* StringDetector.m */; settings = {COMPILER_FLAGS = "-fno-objc-arc"; }; };
		879C42AD16C7F8B300B5A11A /* StringDetector.m in Sources */ = {isa = PBXBuildFile; fileRef = 879C42A016C7F8B000B5A11A /* StringDetector.m */; };
		879C42AE16C7F8B300B5A11A /* Selection.m in Sources */ = {isa = PBXBuildFile; fileRef = 879C42A316C7F8B300B5A11A /* Selection.m */; settings = {COMPILER_FLAGS = "-fno-objc-arc"; }; };
		879C42AF16C7F8B300B5A11A /* Selection.m in Sources */ = {isa = PBXBuildFile; fileRef = 879C42A316C7F8B300B5A11A /* Selection.m */; };
		879C42BB16C7F91D00B5A11A /* CMap.m in Sources */ = {isa = PBXBuildFile; fileRef = 879C42B216C7F91D00B5A11A /* CMap.m */; settings = {COMPILER_FLAGS = "-fno-objc-arc"; }; };
		879C42BC16C7F91D00B5A11A /* CMap.m in Sources */ = {isa = PBXBuildFile; fileRef = 879C42B216C7F91D00B5A11A /* CMap.m */; };
		879C42BD16C7F91D00B5A11A /* Font.m in Sources */ = {isa = PBXBuildFile; fileRef = 879C42B416C7F91D00B5A11A /* Font.m */; settings = {COMPILER_FLAGS = "-fno-objc-arc"; }; };
		879C42BE16C7F91D00B5A11A /* Font.m in Sources */ = {isa = PBXBuildFile; fileRef = 879C42B416C7F91D00B5A11A /* Font.m */; };
		879C42BF16C7F91D00B5A11A /* FontCollection.m in Sources */ = {isa = PBXBuildFile; fileRef = 879C42B616C7F91D00B5A11A /* FontCollection.m */; settings = {COMPILER_FLAGS = "-fno-objc-arc"; }; };
		879C42C016C7F91D00B5A11A /* FontCollection.m in Sources */ = {isa = PBXBuildFile; fileRef = 879C42B616C7F91D00B5A11A /* FontCollection.m */; };
		879C42C116C7F91D00B5A11A /* FontDescriptor.m in Sources */ = {isa = PBXBuildFile; fileRef = 879C42B816C7F91D00B5A11A /* FontDescriptor.m */; settings = {COMPILER_FLAGS = "-fno-objc-arc"; }; };
		879C42C216C7F91D00B5A11A /* FontDescriptor.m in Sources */ = {isa = PBXBuildFile; fileRef = 879C42B816C7F91D00B5A11A /* FontDescriptor.m */; };
		879C42C316C7F91D00B5A11A /* FontFile.m in Sources */ = {isa = PBXBuildFile; fileRef = 879C42BA16C7F91D00B5A11A /* FontFile.m */; settings = {COMPILER_FLAGS = "-fno-objc-arc"; }; };
		879C42C416C7F91D00B5A11A /* FontFile.m in Sources */ = {isa = PBXBuildFile; fileRef = 879C42BA16C7F91D00B5A11A /* FontFile.m */; };
		879C42DA16C7F96400B5A11A /* SimpleFont.m in Sources */ = {isa = PBXBuildFile; fileRef = 879C42C716C7F96400B5A11A /* SimpleFont.m */; settings = {COMPILER_FLAGS = "-fno-objc-arc"; }; };
		879C42DB16C7F96400B5A11A /* SimpleFont.m in Sources */ = {isa = PBXBuildFile; fileRef = 879C42C716C7F96400B5A11A /* SimpleFont.m */; };
		879C42DC16C7F96400B5A11A /* TrueTypeFont.m in Sources */ = {isa = PBXBuildFile; fileRef = 879C42C916C7F96400B5A11A /* TrueTypeFont.m */; settings = {COMPILER_FLAGS = "-fno-objc-arc"; }; };
		879C42DD16C7F96400B5A11A /* TrueTypeFont.m in Sources */ = {isa = PBXBuildFile; fileRef = 879C42C916C7F96400B5A11A /* TrueTypeFont.m */; };
		879C42DE16C7F96400B5A11A /* Type1Font.m in Sources */ = {isa = PBXBuildFile; fileRef = 879C42CB16C7F96400B5A11A /* Type1Font.m */; settings = {COMPILER_FLAGS = "-fno-objc-arc"; }; };
		879C42DF16C7F96400B5A11A /* Type1Font.m in Sources */ = {isa = PBXBuildFile; fileRef = 879C42CB16C7F96400B5A11A /* Type1Font.m */; };
		879C42E016C7F96400B5A11A /* MMType1Font.m in Sources */ = {isa = PBXBuildFile; fileRef = 879C42CD16C7F96400B5A11A /* MMType1Font.m */; settings = {COMPILER_FLAGS = "-fno-objc-arc"; }; };
		879C42E116C7F96400B5A11A /* MMType1Font.m in Sources */ = {isa = PBXBuildFile; fileRef = 879C42CD16C7F96400B5A11A /* MMType1Font.m */; };
		879C42E216C7F96400B5A11A /* Type3Font.m in Sources */ = {isa = PBXBuildFile; fileRef = 879C42CF16C7F96400B5A11A /* Type3Font.m */; settings = {COMPILER_FLAGS = "-fno-objc-arc"; }; };
		879C42E316C7F96400B5A11A /* Type3Font.m in Sources */ = {isa = PBXBuildFile; fileRef = 879C42CF16C7F96400B5A11A /* Type3Font.m */; };
		879C42E416C7F96400B5A11A /* CompositeFont.m in Sources */ = {isa = PBXBuildFile; fileRef = 879C42D116C7F96400B5A11A /* CompositeFont.m */; settings = {COMPILER_FLAGS = "-fno-objc-arc"; }; };
		879C42E516C7F96400B5A11A /* CompositeFont.m in Sources */ = {isa = PBXBuildFile; fileRef = 879C42D116C7F96400B5A11A /* CompositeFont.m */; };
		879C42E616C7F96400B5A11A /* Type0Font.m in Sources */ = {isa = PBXBuildFile; fileRef = 879C42D316C7F96400B5A11A /* Type0Font.m */; settings = {COMPILER_FLAGS = "-fno-objc-arc"; }; };
		879C42E716C7F96400B5A11A /* Type0Font.m in Sources */ = {isa = PBXBuildFile; fileRef = 879C42D316C7F96400B5A11A /* Type0Font.m */; };
		879C42E816C7F96400B5A11A /* CIDFont.m in Sources */ = {isa = PBXBuildFile; fileRef = 879C42D516C7F96400B5A11A /* CIDFont.m */; settings = {COMPILER_FLAGS = "-fno-objc-arc"; }; };
		879C42E916C7F96400B5A11A /* CIDFont.m in Sources */ = {isa = PBXBuildFile; fileRef = 879C42D516C7F96400B5A11A /* CIDFont.m */; };
		879C42EA16C7F96400B5A11A /* CIDType0Font.m in Sources */ = {isa = PBXBuildFile; fileRef = 879C42D716C7F96400B5A11A /* CIDType0Font.m */; settings = {COMPILER_FLAGS = "-fno-objc-arc"; }; };
		879C42EB16C7F96400B5A11A /* CIDType0Font.m in Sources */ = {isa = PBXBuildFile; fileRef = 879C42D716C7F96400B5A11A /* CIDType0Font.m */; };
		879C42EC16C7F96400B5A11A /* CIDType2Font.m in Sources */ = {isa = PBXBuildFile; fileRef = 879C42D916C7F96400B5A11A /* CIDType2Font.m */; settings = {COMPILER_FLAGS = "-fno-objc-arc"; }; };
		879C42ED16C7F96400B5A11A /* CIDType2Font.m in Sources */ = {isa = PBXBuildFile; fileRef = 879C42D916C7F96400B5A11A /* CIDType2Font.m */; };
		879C42F016C7FA1600B5A11A /* TextView.xib in Resources */ = {isa = PBXBuildFile; fileRef = 879C42EF16C7FA1600B5A11A /* TextView.xib */; };
		879C42F116C7FA1600B5A11A /* TextView.xib in Resources */ = {isa = PBXBuildFile; fileRef = 879C42EF16C7FA1600B5A11A /* TextView.xib */; };
		879C42F316C7FA1D00B5A11A /* OparatorExplain.strings in Resources */ = {isa = PBXBuildFile; fileRef = 879C42F216C7FA1D00B5A11A /* OparatorExplain.strings */; };
		879C42F416C7FA1D00B5A11A /* OparatorExplain.strings in Resources */ = {isa = PBXBuildFile; fileRef = 879C42F216C7FA1D00B5A11A /* OparatorExplain.strings */; };
/* End PBXBuildFile section */

/* Begin PBXContainerItemProxy section */
		879C426016C7BC4500B5A11A /* PBXContainerItemProxy */ = {
			isa = PBXContainerItemProxy;
			containerPortal = 879C422B16C7BC4500B5A11A /* Project object */;
			proxyType = 1;
			remoteGlobalIDString = 879C423316C7BC4500B5A11A;
			remoteInfo = PDFReader;
		};
/* End PBXContainerItemProxy section */

/* Begin PBXFileReference section */
		113D4B1E16EF10BB0078CF3D /* pageScanner.h */ = {isa = PBXFileReference; fileEncoding = 4; lastKnownFileType = sourcecode.c.h; path = pageScanner.h; sourceTree = "<group>"; };
		113D4B1F16EF10BB0078CF3D /* pageScanner.m */ = {isa = PBXFileReference; fileEncoding = 4; lastKnownFileType = sourcecode.c.objc; path = pageScanner.m; sourceTree = "<group>"; };
		11AF2DF216EDB79200B93891 /* XMInfo.h */ = {isa = PBXFileReference; fileEncoding = 4; lastKnownFileType = sourcecode.c.h; path = XMInfo.h; sourceTree = "<group>"; };
		11AF2DF316EDB79200B93891 /* XMInfo.m */ = {isa = PBXFileReference; fileEncoding = 4; lastKnownFileType = sourcecode.c.objc; path = XMInfo.m; sourceTree = "<group>"; };
		11AF2DF616EDB83100B93891 /* ScanViewController.h */ = {isa = PBXFileReference; fileEncoding = 4; lastKnownFileType = sourcecode.c.h; path = ScanViewController.h; sourceTree = "<group>"; };
		11AF2DF716EDB83100B93891 /* ScanViewController.m */ = {isa = PBXFileReference; fileEncoding = 4; lastKnownFileType = sourcecode.c.objc; path = ScanViewController.m; sourceTree = "<group>"; };
		11AF2DF816EDB83100B93891 /* ScanViewController.xib */ = {isa = PBXFileReference; fileEncoding = 4; lastKnownFileType = file.xib; path = ScanViewController.xib; sourceTree = "<group>"; };
		879C423416C7BC4500B5A11A /* PDFReader.app */ = {isa = PBXFileReference; explicitFileType = wrapper.application; includeInIndex = 0; path = PDFReader.app; sourceTree = BUILT_PRODUCTS_DIR; };
		879C423816C7BC4500B5A11A /* UIKit.framework */ = {isa = PBXFileReference; lastKnownFileType = wrapper.framework; name = UIKit.framework; path = System/Library/Frameworks/UIKit.framework; sourceTree = SDKROOT; };
		879C423A16C7BC4500B5A11A /* Foundation.framework */ = {isa = PBXFileReference; lastKnownFileType = wrapper.framework; name = Foundation.framework; path = System/Library/Frameworks/Foundation.framework; sourceTree = SDKROOT; };
		879C423C16C7BC4500B5A11A /* CoreGraphics.framework */ = {isa = PBXFileReference; lastKnownFileType = wrapper.framework; name = CoreGraphics.framework; path = System/Library/Frameworks/CoreGraphics.framework; sourceTree = SDKROOT; };
		879C424016C7BC4500B5A11A /* PDFReader-Info.plist */ = {isa = PBXFileReference; lastKnownFileType = text.plist.xml; path = "PDFReader-Info.plist"; sourceTree = "<group>"; };
		879C424216C7BC4500B5A11A /* en */ = {isa = PBXFileReference; lastKnownFileType = text.plist.strings; name = en; path = en.lproj/InfoPlist.strings; sourceTree = "<group>"; };
		879C424416C7BC4500B5A11A /* main.m */ = {isa = PBXFileReference; lastKnownFileType = sourcecode.c.objc; path = main.m; sourceTree = "<group>"; };
		879C424616C7BC4500B5A11A /* PDFReader-Prefix.pch */ = {isa = PBXFileReference; lastKnownFileType = sourcecode.c.h; path = "PDFReader-Prefix.pch"; sourceTree = "<group>"; };
		879C424716C7BC4500B5A11A /* AppDelegate.h */ = {isa = PBXFileReference; lastKnownFileType = sourcecode.c.h; path = AppDelegate.h; sourceTree = "<group>"; };
		879C424816C7BC4500B5A11A /* AppDelegate.m */ = {isa = PBXFileReference; lastKnownFileType = sourcecode.c.objc; path = AppDelegate.m; sourceTree = "<group>"; };
		879C424A16C7BC4500B5A11A /* Default.png */ = {isa = PBXFileReference; lastKnownFileType = image.png; path = Default.png; sourceTree = "<group>"; };
		879C424C16C7BC4500B5A11A /* Default@2x.png */ = {isa = PBXFileReference; lastKnownFileType = image.png; path = "Default@2x.png"; sourceTree = "<group>"; };
		879C424E16C7BC4500B5A11A /* Default-568h@2x.png */ = {isa = PBXFileReference; lastKnownFileType = image.png; path = "Default-568h@2x.png"; sourceTree = "<group>"; };
		879C425016C7BC4500B5A11A /* ViewController.h */ = {isa = PBXFileReference; lastKnownFileType = sourcecode.c.h; path = ViewController.h; sourceTree = "<group>"; };
		879C425116C7BC4500B5A11A /* ViewController.m */ = {isa = PBXFileReference; lastKnownFileType = sourcecode.c.objc; path = ViewController.m; sourceTree = "<group>"; };
		879C425416C7BC4500B5A11A /* en */ = {isa = PBXFileReference; lastKnownFileType = file.xib; name = en; path = en.lproj/ViewController.xib; sourceTree = "<group>"; };
		879C425B16C7BC4500B5A11A /* PDFReaderTests.octest */ = {isa = PBXFileReference; explicitFileType = wrapper.cfbundle; includeInIndex = 0; path = PDFReaderTests.octest; sourceTree = BUILT_PRODUCTS_DIR; };
		879C425C16C7BC4500B5A11A /* SenTestingKit.framework */ = {isa = PBXFileReference; lastKnownFileType = wrapper.framework; name = SenTestingKit.framework; path = Library/Frameworks/SenTestingKit.framework; sourceTree = DEVELOPER_DIR; };
		879C426416C7BC4500B5A11A /* PDFReaderTests-Info.plist */ = {isa = PBXFileReference; lastKnownFileType = text.plist.xml; path = "PDFReaderTests-Info.plist"; sourceTree = "<group>"; };
		879C426616C7BC4500B5A11A /* en */ = {isa = PBXFileReference; lastKnownFileType = text.plist.strings; name = en; path = en.lproj/InfoPlist.strings; sourceTree = "<group>"; };
		879C426816C7BC4500B5A11A /* PDFReaderTests.h */ = {isa = PBXFileReference; lastKnownFileType = sourcecode.c.h; path = PDFReaderTests.h; sourceTree = "<group>"; };
		879C426916C7BC4500B5A11A /* PDFReaderTests.m */ = {isa = PBXFileReference; lastKnownFileType = sourcecode.c.objc; path = PDFReaderTests.m; sourceTree = "<group>"; };
		879C427316C7F4E700B5A11A /* QuartzCore.framework */ = {isa = PBXFileReference; lastKnownFileType = wrapper.framework; name = QuartzCore.framework; path = System/Library/Frameworks/QuartzCore.framework; sourceTree = SDKROOT; };
		879C427516C7F4F600B5A11A /* CoreText.framework */ = {isa = PBXFileReference; lastKnownFileType = wrapper.framework; name = CoreText.framework; path = System/Library/Frameworks/CoreText.framework; sourceTree = SDKROOT; };
		879C427716C7F60200B5A11A /* DocumentsView.h */ = {isa = PBXFileReference; fileEncoding = 4; lastKnownFileType = sourcecode.c.h; path = DocumentsView.h; sourceTree = "<group>"; };
		879C427816C7F60300B5A11A /* DocumentsView.m */ = {isa = PBXFileReference; fileEncoding = 4; lastKnownFileType = sourcecode.c.objc; path = DocumentsView.m; sourceTree = "<group>"; };
		879C427916C7F60300B5A11A /* OutlineViewController.h */ = {isa = PBXFileReference; fileEncoding = 4; lastKnownFileType = sourcecode.c.h; path = OutlineViewController.h; sourceTree = "<group>"; };
		879C427A16C7F60300B5A11A /* OutlineViewController.m */ = {isa = PBXFileReference; fileEncoding = 4; lastKnownFileType = sourcecode.c.objc; path = OutlineViewController.m; sourceTree = "<group>"; };
		879C427D16C7F60300B5A11A /* PDFTextViewController.h */ = {isa = PBXFileReference; fileEncoding = 4; lastKnownFileType = sourcecode.c.h; path = PDFTextViewController.h; sourceTree = "<group>"; };
		879C427E16C7F60300B5A11A /* PDFTextViewController.m */ = {isa = PBXFileReference; fileEncoding = 4; lastKnownFileType = sourcecode.c.objc; path = PDFTextViewController.m; sourceTree = "<group>"; };
		879C427F16C7F60400B5A11A /* PDFPage.h */ = {isa = PBXFileReference; fileEncoding = 4; lastKnownFileType = sourcecode.c.h; path = PDFPage.h; sourceTree = "<group>"; };
		879C428016C7F60400B5A11A /* PDFPage.m */ = {isa = PBXFileReference; fileEncoding = 4; lastKnownFileType = sourcecode.c.objc; path = PDFPage.m; sourceTree = "<group>"; };
		879C428116C7F60400B5A11A /* PDFScrollView.h */ = {isa = PBXFileReference; fileEncoding = 4; lastKnownFileType = sourcecode.c.h; path = PDFScrollView.h; sourceTree = "<group>"; };
		879C428216C7F60400B5A11A /* PDFScrollView.m */ = {isa = PBXFileReference; fileEncoding = 4; lastKnownFileType = sourcecode.c.objc; path = PDFScrollView.m; sourceTree = "<group>"; };
		879C428F16C7F74100B5A11A /* drawingwithquartz2d.pdf */ = {isa = PBXFileReference; lastKnownFileType = image.pdf; path = drawingwithquartz2d.pdf; sourceTree = "<group>"; };
		879C429216C7F74800B5A11A /* oreilly-978-4-87311-549-8e.pdf */ = {isa = PBXFileReference; lastKnownFileType = image.pdf; path = "oreilly-978-4-87311-549-8e.pdf"; sourceTree = "<group>"; };
		879C429516C7F75200B5A11A /* sample.pdf */ = {isa = PBXFileReference; lastKnownFileType = image.pdf; path = sample.pdf; sourceTree = "<group>"; };
		879C429816C7F8A700B5A11A /* RenderingState.h */ = {isa = PBXFileReference; fileEncoding = 4; lastKnownFileType = sourcecode.c.h; path = RenderingState.h; sourceTree = "<group>"; };
		879C429916C7F8A800B5A11A /* RenderingState.m */ = {isa = PBXFileReference; fileEncoding = 4; lastKnownFileType = sourcecode.c.objc; path = RenderingState.m; sourceTree = "<group>"; };
		879C429A16C7F8A900B5A11A /* RenderingStateStack.h */ = {isa = PBXFileReference; fileEncoding = 4; lastKnownFileType = sourcecode.c.h; path = RenderingStateStack.h; sourceTree = "<group>"; };
		879C429B16C7F8AA00B5A11A /* RenderingStateStack.m */ = {isa = PBXFileReference; fileEncoding = 4; lastKnownFileType = sourcecode.c.objc; path = RenderingStateStack.m; sourceTree = "<group>"; };
		879C429C16C7F8AB00B5A11A /* pdfScannerCallbacks.mm */ = {isa = PBXFileReference; fileEncoding = 4; lastKnownFileType = sourcecode.cpp.objcpp; path = pdfScannerCallbacks.mm; sourceTree = "<group>"; };
		879C429D16C7F8AC00B5A11A /* Scanner.h */ = {isa = PBXFileReference; fileEncoding = 4; lastKnownFileType = sourcecode.c.h; path = Scanner.h; sourceTree = "<group>"; };
		879C429E16C7F8AD00B5A11A /* Scanner.m */ = {isa = PBXFileReference; fileEncoding = 4; lastKnownFileType = sourcecode.c.objc; path = Scanner.m; sourceTree = "<group>"; };
		879C429F16C7F8AE00B5A11A /* StringDetector.h */ = {isa = PBXFileReference; fileEncoding = 4; lastKnownFileType = sourcecode.c.h; path = StringDetector.h; sourceTree = "<group>"; };
		879C42A016C7F8B000B5A11A /* StringDetector.m */ = {isa = PBXFileReference; fileEncoding = 4; lastKnownFileType = sourcecode.c.objc; path = StringDetector.m; sourceTree = "<group>"; };
		879C42A116C7F8B100B5A11A /* StringDetectorDelegate.h */ = {isa = PBXFileReference; fileEncoding = 4; lastKnownFileType = sourcecode.c.h; path = StringDetectorDelegate.h; sourceTree = "<group>"; };
		879C42A216C7F8B200B5A11A /* Selection.h */ = {isa = PBXFileReference; fileEncoding = 4; lastKnownFileType = sourcecode.c.h; path = Selection.h; sourceTree = "<group>"; };
		879C42A316C7F8B300B5A11A /* Selection.m */ = {isa = PBXFileReference; fileEncoding = 4; lastKnownFileType = sourcecode.c.objc; path = Selection.m; sourceTree = "<group>"; };
		879C42B116C7F91D00B5A11A /* CMap.h */ = {isa = PBXFileReference; fileEncoding = 4; lastKnownFileType = sourcecode.c.h; path = CMap.h; sourceTree = "<group>"; };
		879C42B216C7F91D00B5A11A /* CMap.m */ = {isa = PBXFileReference; fileEncoding = 4; lastKnownFileType = sourcecode.c.objc; path = CMap.m; sourceTree = "<group>"; };
		879C42B316C7F91D00B5A11A /* Font.h */ = {isa = PBXFileReference; fileEncoding = 4; lastKnownFileType = sourcecode.c.h; path = Font.h; sourceTree = "<group>"; };
		879C42B416C7F91D00B5A11A /* Font.m */ = {isa = PBXFileReference; fileEncoding = 4; lastKnownFileType = sourcecode.c.objc; path = Font.m; sourceTree = "<group>"; };
		879C42B516C7F91D00B5A11A /* FontCollection.h */ = {isa = PBXFileReference; fileEncoding = 4; lastKnownFileType = sourcecode.c.h; path = FontCollection.h; sourceTree = "<group>"; };
		879C42B616C7F91D00B5A11A /* FontCollection.m */ = {isa = PBXFileReference; fileEncoding = 4; lastKnownFileType = sourcecode.c.objc; path = FontCollection.m; sourceTree = "<group>"; };
		879C42B716C7F91D00B5A11A /* FontDescriptor.h */ = {isa = PBXFileReference; fileEncoding = 4; lastKnownFileType = sourcecode.c.h; path = FontDescriptor.h; sourceTree = "<group>"; };
		879C42B816C7F91D00B5A11A /* FontDescriptor.m */ = {isa = PBXFileReference; fileEncoding = 4; lastKnownFileType = sourcecode.c.objc; path = FontDescriptor.m; sourceTree = "<group>"; };
		879C42B916C7F91D00B5A11A /* FontFile.h */ = {isa = PBXFileReference; fileEncoding = 4; lastKnownFileType = sourcecode.c.h; path = FontFile.h; sourceTree = "<group>"; };
		879C42BA16C7F91D00B5A11A /* FontFile.m */ = {isa = PBXFileReference; fileEncoding = 4; lastKnownFileType = sourcecode.c.objc; path = FontFile.m; sourceTree = "<group>"; };
		879C42C616C7F96400B5A11A /* SimpleFont.h */ = {isa = PBXFileReference; fileEncoding = 4; lastKnownFileType = sourcecode.c.h; path = SimpleFont.h; sourceTree = "<group>"; };
		879C42C716C7F96400B5A11A /* SimpleFont.m */ = {isa = PBXFileReference; fileEncoding = 4; lastKnownFileType = sourcecode.c.objc; path = SimpleFont.m; sourceTree = "<group>"; };
		879C42C816C7F96400B5A11A /* TrueTypeFont.h */ = {isa = PBXFileReference; fileEncoding = 4; lastKnownFileType = sourcecode.c.h; path = TrueTypeFont.h; sourceTree = "<group>"; };
		879C42C916C7F96400B5A11A /* TrueTypeFont.m */ = {isa = PBXFileReference; fileEncoding = 4; lastKnownFileType = sourcecode.c.objc; path = TrueTypeFont.m; sourceTree = "<group>"; };
		879C42CA16C7F96400B5A11A /* Type1Font.h */ = {isa = PBXFileReference; fileEncoding = 4; lastKnownFileType = sourcecode.c.h; path = Type1Font.h; sourceTree = "<group>"; };
		879C42CB16C7F96400B5A11A /* Type1Font.m */ = {isa = PBXFileReference; fileEncoding = 4; lastKnownFileType = sourcecode.c.objc; path = Type1Font.m; sourceTree = "<group>"; };
		879C42CC16C7F96400B5A11A /* MMType1Font.h */ = {isa = PBXFileReference; fileEncoding = 4; lastKnownFileType = sourcecode.c.h; path = MMType1Font.h; sourceTree = "<group>"; };
		879C42CD16C7F96400B5A11A /* MMType1Font.m */ = {isa = PBXFileReference; fileEncoding = 4; lastKnownFileType = sourcecode.c.objc; path = MMType1Font.m; sourceTree = "<group>"; };
		879C42CE16C7F96400B5A11A /* Type3Font.h */ = {isa = PBXFileReference; fileEncoding = 4; lastKnownFileType = sourcecode.c.h; path = Type3Font.h; sourceTree = "<group>"; };
		879C42CF16C7F96400B5A11A /* Type3Font.m */ = {isa = PBXFileReference; fileEncoding = 4; lastKnownFileType = sourcecode.c.objc; path = Type3Font.m; sourceTree = "<group>"; };
		879C42D016C7F96400B5A11A /* CompositeFont.h */ = {isa = PBXFileReference; fileEncoding = 4; lastKnownFileType = sourcecode.c.h; path = CompositeFont.h; sourceTree = "<group>"; };
		879C42D116C7F96400B5A11A /* CompositeFont.m */ = {isa = PBXFileReference; fileEncoding = 4; lastKnownFileType = sourcecode.c.objc; path = CompositeFont.m; sourceTree = "<group>"; };
		879C42D216C7F96400B5A11A /* Type0Font.h */ = {isa = PBXFileReference; fileEncoding = 4; lastKnownFileType = sourcecode.c.h; path = Type0Font.h; sourceTree = "<group>"; };
		879C42D316C7F96400B5A11A /* Type0Font.m */ = {isa = PBXFileReference; fileEncoding = 4; lastKnownFileType = sourcecode.c.objc; path = Type0Font.m; sourceTree = "<group>"; };
		879C42D416C7F96400B5A11A /* CIDFont.h */ = {isa = PBXFileReference; fileEncoding = 4; lastKnownFileType = sourcecode.c.h; path = CIDFont.h; sourceTree = "<group>"; };
		879C42D516C7F96400B5A11A /* CIDFont.m */ = {isa = PBXFileReference; fileEncoding = 4; lastKnownFileType = sourcecode.c.objc; path = CIDFont.m; sourceTree = "<group>"; };
		879C42D616C7F96400B5A11A /* CIDType0Font.h */ = {isa = PBXFileReference; fileEncoding = 4; lastKnownFileType = sourcecode.c.h; path = CIDType0Font.h; sourceTree = "<group>"; };
		879C42D716C7F96400B5A11A /* CIDType0Font.m */ = {isa = PBXFileReference; fileEncoding = 4; lastKnownFileType = sourcecode.c.objc; path = CIDType0Font.m; sourceTree = "<group>"; };
		879C42D816C7F96400B5A11A /* CIDType2Font.h */ = {isa = PBXFileReference; fileEncoding = 4; lastKnownFileType = sourcecode.c.h; path = CIDType2Font.h; sourceTree = "<group>"; };
		879C42D916C7F96400B5A11A /* CIDType2Font.m */ = {isa = PBXFileReference; fileEncoding = 4; lastKnownFileType = sourcecode.c.objc; path = CIDType2Font.m; sourceTree = "<group>"; };
		879C42EF16C7FA1600B5A11A /* TextView.xib */ = {isa = PBXFileReference; fileEncoding = 4; lastKnownFileType = file.xib; path = TextView.xib; sourceTree = "<group>"; };
		879C42F216C7FA1D00B5A11A /* OparatorExplain.strings */ = {isa = PBXFileReference; fileEncoding = 4; lastKnownFileType = text.plist.strings; path = OparatorExplain.strings; sourceTree = "<group>"; };
/* End PBXFileReference section */

/* Begin PBXFrameworksBuildPhase section */
		879C423116C7BC4500B5A11A /* Frameworks */ = {
			isa = PBXFrameworksBuildPhase;
			buildActionMask = 2147483647;
			files = (
				879C427616C7F4F600B5A11A /* CoreText.framework in Frameworks */,
				879C427416C7F4E700B5A11A /* QuartzCore.framework in Frameworks */,
				879C423916C7BC4500B5A11A /* UIKit.framework in Frameworks */,
				879C423B16C7BC4500B5A11A /* Foundation.framework in Frameworks */,
				879C423D16C7BC4500B5A11A /* CoreGraphics.framework in Frameworks */,
			);
			runOnlyForDeploymentPostprocessing = 0;
		};
		879C425716C7BC4500B5A11A /* Frameworks */ = {
			isa = PBXFrameworksBuildPhase;
			buildActionMask = 2147483647;
			files = (
				879C425D16C7BC4500B5A11A /* SenTestingKit.framework in Frameworks */,
				879C425E16C7BC4500B5A11A /* UIKit.framework in Frameworks */,
				879C425F16C7BC4500B5A11A /* Foundation.framework in Frameworks */,
			);
			runOnlyForDeploymentPostprocessing = 0;
		};
/* End PBXFrameworksBuildPhase section */

/* Begin PBXGroup section */
		879C422916C7BC4500B5A11A = {
			isa = PBXGroup;
			children = (
				879C427516C7F4F600B5A11A /* CoreText.framework */,
				879C427316C7F4E700B5A11A /* QuartzCore.framework */,
				879C423E16C7BC4500B5A11A /* PDFReader */,
				879C426216C7BC4500B5A11A /* PDFReaderTests */,
				879C423716C7BC4500B5A11A /* Frameworks */,
				879C423516C7BC4500B5A11A /* Products */,
			);
			sourceTree = "<group>";
		};
		879C423516C7BC4500B5A11A /* Products */ = {
			isa = PBXGroup;
			children = (
				879C423416C7BC4500B5A11A /* PDFReader.app */,
				879C425B16C7BC4500B5A11A /* PDFReaderTests.octest */,
			);
			name = Products;
			sourceTree = "<group>";
		};
		879C423716C7BC4500B5A11A /* Frameworks */ = {
			isa = PBXGroup;
			children = (
				879C423816C7BC4500B5A11A /* UIKit.framework */,
				879C423A16C7BC4500B5A11A /* Foundation.framework */,
				879C423C16C7BC4500B5A11A /* CoreGraphics.framework */,
				879C425C16C7BC4500B5A11A /* SenTestingKit.framework */,
			);
			name = Frameworks;
			sourceTree = "<group>";
		};
		879C423E16C7BC4500B5A11A /* PDFReader */ = {
			isa = PBXGroup;
			children = (
				879C42F516C7FB3700B5A11A /* Common */,
				879C42F616C7FBA100B5A11A /* SubFunctionView */,
				879C425016C7BC4500B5A11A /* ViewController.h */,
				879C425116C7BC4500B5A11A /* ViewController.m */,
				879C425316C7BC4500B5A11A /* ViewController.xib */,
				879C427F16C7F60400B5A11A /* PDFPage.h */,
				879C428016C7F60400B5A11A /* PDFPage.m */,
				879C428116C7F60400B5A11A /* PDFScrollView.h */,
				879C428216C7F60400B5A11A /* PDFScrollView.m */,
				11AF2DF616EDB83100B93891 /* ScanViewController.h */,
				11AF2DF716EDB83100B93891 /* ScanViewController.m */,
				11AF2DF816EDB83100B93891 /* ScanViewController.xib */,
				879C42B016C7F8C000B5A11A /* Scanner */,
				879C423F16C7BC4500B5A11A /* Supporting Files */,
			);
			path = PDFReader;
			sourceTree = "<group>";
		};
		879C423F16C7BC4500B5A11A /* Supporting Files */ = {
			isa = PBXGroup;
			children = (
				879C42F216C7FA1D00B5A11A /* OparatorExplain.strings */,
				879C429516C7F75200B5A11A /* sample.pdf */,
				879C429216C7F74800B5A11A /* oreilly-978-4-87311-549-8e.pdf */,
				879C428F16C7F74100B5A11A /* drawingwithquartz2d.pdf */,
				879C424016C7BC4500B5A11A /* PDFReader-Info.plist */,
				879C424116C7BC4500B5A11A /* InfoPlist.strings */,
				879C424416C7BC4500B5A11A /* main.m */,
				879C424616C7BC4500B5A11A /* PDFReader-Prefix.pch */,
				879C424A16C7BC4500B5A11A /* Default.png */,
				879C424C16C7BC4500B5A11A /* Default@2x.png */,
				879C424E16C7BC4500B5A11A /* Default-568h@2x.png */,
			);
			name = "Supporting Files";
			sourceTree = "<group>";
		};
		879C426216C7BC4500B5A11A /* PDFReaderTests */ = {
			isa = PBXGroup;
			children = (
				879C426816C7BC4500B5A11A /* PDFReaderTests.h */,
				879C426916C7BC4500B5A11A /* PDFReaderTests.m */,
				879C426316C7BC4500B5A11A /* Supporting Files */,
			);
			path = PDFReaderTests;
			sourceTree = "<group>";
		};
		879C426316C7BC4500B5A11A /* Supporting Files */ = {
			isa = PBXGroup;
			children = (
				879C426416C7BC4500B5A11A /* PDFReaderTests-Info.plist */,
				879C426516C7BC4500B5A11A /* InfoPlist.strings */,
			);
			name = "Supporting Files";
			sourceTree = "<group>";
		};
		879C42B016C7F8C000B5A11A /* Scanner */ = {
			isa = PBXGroup;
			children = (
				879C429816C7F8A700B5A11A /* RenderingState.h */,
				879C429916C7F8A800B5A11A /* RenderingState.m */,
				879C429A16C7F8A900B5A11A /* RenderingStateStack.h */,
				879C429B16C7F8AA00B5A11A /* RenderingStateStack.m */,
				879C429C16C7F8AB00B5A11A /* pdfScannerCallbacks.mm */,
				879C429D16C7F8AC00B5A11A /* Scanner.h */,
				879C429E16C7F8AD00B5A11A /* Scanner.m */,
				879C429F16C7F8AE00B5A11A /* StringDetector.h */,
				879C42A016C7F8B000B5A11A /* StringDetector.m */,
				879C42A116C7F8B100B5A11A /* StringDetectorDelegate.h */,
				879C42A216C7F8B200B5A11A /* Selection.h */,
				879C42A316C7F8B300B5A11A /* Selection.m */,
				879C42C516C7F92D00B5A11A /* Font */,
			);
			name = Scanner;
			sourceTree = "<group>";
		};
		879C42C516C7F92D00B5A11A /* Font */ = {
			isa = PBXGroup;
			children = (
				879C42B116C7F91D00B5A11A /* CMap.h */,
				879C42B216C7F91D00B5A11A /* CMap.m */,
				879C42B316C7F91D00B5A11A /* Font.h */,
				879C42B416C7F91D00B5A11A /* Font.m */,
				879C42B516C7F91D00B5A11A /* FontCollection.h */,
				879C42B616C7F91D00B5A11A /* FontCollection.m */,
				879C42B716C7F91D00B5A11A /* FontDescriptor.h */,
				879C42B816C7F91D00B5A11A /* FontDescriptor.m */,
				879C42B916C7F91D00B5A11A /* FontFile.h */,
				879C42BA16C7F91D00B5A11A /* FontFile.m */,
				879C42EE16C7F97000B5A11A /* subTypes */,
			);
			name = Font;
			sourceTree = "<group>";
		};
		879C42EE16C7F97000B5A11A /* subTypes */ = {
			isa = PBXGroup;
			children = (
				879C42C616C7F96400B5A11A /* SimpleFont.h */,
				879C42C716C7F96400B5A11A /* SimpleFont.m */,
				879C42C816C7F96400B5A11A /* TrueTypeFont.h */,
				879C42C916C7F96400B5A11A /* TrueTypeFont.m */,
				879C42CA16C7F96400B5A11A /* Type1Font.h */,
				879C42CB16C7F96400B5A11A /* Type1Font.m */,
				879C42CC16C7F96400B5A11A /* MMType1Font.h */,
				879C42CD16C7F96400B5A11A /* MMType1Font.m */,
				879C42CE16C7F96400B5A11A /* Type3Font.h */,
				879C42CF16C7F96400B5A11A /* Type3Font.m */,
				879C42D016C7F96400B5A11A /* CompositeFont.h */,
				879C42D116C7F96400B5A11A /* CompositeFont.m */,
				879C42D216C7F96400B5A11A /* Type0Font.h */,
				879C42D316C7F96400B5A11A /* Type0Font.m */,
				879C42D416C7F96400B5A11A /* CIDFont.h */,
				879C42D516C7F96400B5A11A /* CIDFont.m */,
				879C42D616C7F96400B5A11A /* CIDType0Font.h */,
				879C42D716C7F96400B5A11A /* CIDType0Font.m */,
				879C42D816C7F96400B5A11A /* CIDType2Font.h */,
				879C42D916C7F96400B5A11A /* CIDType2Font.m */,
			);
			name = subTypes;
			sourceTree = "<group>";
		};
		879C42F516C7FB3700B5A11A /* Common */ = {
			isa = PBXGroup;
			children = (
				879C424716C7BC4500B5A11A /* AppDelegate.h */,
				879C424816C7BC4500B5A11A /* AppDelegate.m */,
				11AF2DF216EDB79200B93891 /* XMInfo.h */,
				11AF2DF316EDB79200B93891 /* XMInfo.m */,
			);
			name = Common;
			sourceTree = "<group>";
		};
		879C42F616C7FBA100B5A11A /* SubFunctionView */ = {
			isa = PBXGroup;
			children = (
				879C427716C7F60200B5A11A /* DocumentsView.h */,
				879C427816C7F60300B5A11A /* DocumentsView.m */,
				879C427916C7F60300B5A11A /* OutlineViewController.h */,
				879C427A16C7F60300B5A11A /* OutlineViewController.m */,
				879C427D16C7F60300B5A11A /* PDFTextViewController.h */,
				879C427E16C7F60300B5A11A /* PDFTextViewController.m */,
				879C42EF16C7FA1600B5A11A /* TextView.xib */,
				113D4B1E16EF10BB0078CF3D /* pageScanner.h */,
				113D4B1F16EF10BB0078CF3D /* pageScanner.m */,
			);
			name = SubFunctionView;
			sourceTree = "<group>";
		};
/* End PBXGroup section */

/* Begin PBXNativeTarget section */
		879C423316C7BC4500B5A11A /* PDFReader */ = {
			isa = PBXNativeTarget;
			buildConfigurationList = 879C426D16C7BC4500B5A11A /* Build configuration list for PBXNativeTarget "PDFReader" */;
			buildPhases = (
				879C423016C7BC4500B5A11A /* Sources */,
				879C423116C7BC4500B5A11A /* Frameworks */,
				879C423216C7BC4500B5A11A /* Resources */,
			);
			buildRules = (
			);
			dependencies = (
			);
			name = PDFReader;
			productName = PDFReader;
			productReference = 879C423416C7BC4500B5A11A /* PDFReader.app */;
			productType = "com.apple.product-type.application";
		};
		879C425A16C7BC4500B5A11A /* PDFReaderTests */ = {
			isa = PBXNativeTarget;
			buildConfigurationList = 879C427016C7BC4500B5A11A /* Build configuration list for PBXNativeTarget "PDFReaderTests" */;
			buildPhases = (
				879C425616C7BC4500B5A11A /* Sources */,
				879C425716C7BC4500B5A11A /* Frameworks */,
				879C425816C7BC4500B5A11A /* Resources */,
				879C425916C7BC4500B5A11A /* ShellScript */,
			);
			buildRules = (
			);
			dependencies = (
				879C426116C7BC4500B5A11A /* PBXTargetDependency */,
			);
			name = PDFReaderTests;
			productName = PDFReaderTests;
			productReference = 879C425B16C7BC4500B5A11A /* PDFReaderTests.octest */;
			productType = "com.apple.product-type.bundle";
		};
/* End PBXNativeTarget section */

/* Begin PBXProject section */
		879C422B16C7BC4500B5A11A /* Project object */ = {
			isa = PBXProject;
			attributes = {
				LastUpgradeCheck = 0450;
				ORGANIZATIONNAME = "Koji Okada";
			};
			buildConfigurationList = 879C422E16C7BC4500B5A11A /* Build configuration list for PBXProject "PDFReader" */;
			compatibilityVersion = "Xcode 3.2";
			developmentRegion = English;
			hasScannedForEncodings = 0;
			knownRegions = (
				en,
			);
			mainGroup = 879C422916C7BC4500B5A11A;
			productRefGroup = 879C423516C7BC4500B5A11A /* Products */;
			projectDirPath = "";
			projectRoot = "";
			targets = (
				879C423316C7BC4500B5A11A /* PDFReader */,
				879C425A16C7BC4500B5A11A /* PDFReaderTests */,
			);
		};
/* End PBXProject section */

/* Begin PBXResourcesBuildPhase section */
		879C423216C7BC4500B5A11A /* Resources */ = {
			isa = PBXResourcesBuildPhase;
			buildActionMask = 2147483647;
			files = (
				879C424316C7BC4500B5A11A /* InfoPlist.strings in Resources */,
				879C424B16C7BC4500B5A11A /* Default.png in Resources */,
				879C424D16C7BC4500B5A11A /* Default@2x.png in Resources */,
				879C424F16C7BC4500B5A11A /* Default-568h@2x.png in Resources */,
				879C425516C7BC4500B5A11A /* ViewController.xib in Resources */,
				879C429016C7F74100B5A11A /* drawingwithquartz2d.pdf in Resources */,
				879C429316C7F74800B5A11A /* oreilly-978-4-87311-549-8e.pdf in Resources */,
				879C429616C7F75200B5A11A /* sample.pdf in Resources */,
				879C42F016C7FA1600B5A11A /* TextView.xib in Resources */,
				879C42F316C7FA1D00B5A11A /* OparatorExplain.strings in Resources */,
				11AF2DFA16EDB83200B93891 /* ScanViewController.xib in Resources */,
			);
			runOnlyForDeploymentPostprocessing = 0;
		};
		879C425816C7BC4500B5A11A /* Resources */ = {
			isa = PBXResourcesBuildPhase;
			buildActionMask = 2147483647;
			files = (
				879C426716C7BC4500B5A11A /* InfoPlist.strings in Resources */,
				879C429116C7F74100B5A11A /* drawingwithquartz2d.pdf in Resources */,
				879C429416C7F74800B5A11A /* oreilly-978-4-87311-549-8e.pdf in Resources */,
				879C429716C7F75200B5A11A /* sample.pdf in Resources */,
				879C42F116C7FA1600B5A11A /* TextView.xib in Resources */,
				879C42F416C7FA1D00B5A11A /* OparatorExplain.strings in Resources */,
			);
			runOnlyForDeploymentPostprocessing = 0;
		};
/* End PBXResourcesBuildPhase section */

/* Begin PBXShellScriptBuildPhase section */
		879C425916C7BC4500B5A11A /* ShellScript */ = {
			isa = PBXShellScriptBuildPhase;
			buildActionMask = 2147483647;
			files = (
			);
			inputPaths = (
			);
			outputPaths = (
			);
			runOnlyForDeploymentPostprocessing = 0;
			shellPath = /bin/sh;
			shellScript = "# Run the unit tests in this test bundle.\n\"${SYSTEM_DEVELOPER_DIR}/Tools/RunUnitTests\"\n";
		};
/* End PBXShellScriptBuildPhase section */

/* Begin PBXSourcesBuildPhase section */
		879C423016C7BC4500B5A11A /* Sources */ = {
			isa = PBXSourcesBuildPhase;
			buildActionMask = 2147483647;
			files = (
				879C424516C7BC4500B5A11A /* main.m in Sources */,
				879C424916C7BC4500B5A11A /* AppDelegate.m in Sources */,
				879C425216C7BC4500B5A11A /* ViewController.m in Sources */,
				879C428316C7F60400B5A11A /* DocumentsView.m in Sources */,
				879C428516C7F60400B5A11A /* OutlineViewController.m in Sources */,
				879C428916C7F60400B5A11A /* PDFTextViewController.m in Sources */,
				879C428B16C7F60400B5A11A /* PDFPage.m in Sources */,
				879C428D16C7F60400B5A11A /* PDFScrollView.m in Sources */,
				879C42A416C7F8B300B5A11A /* RenderingState.m in Sources */,
				879C42A616C7F8B300B5A11A /* RenderingStateStack.m in Sources */,
				879C42A816C7F8B300B5A11A /* pdfScannerCallbacks.mm in Sources */,
				879C42AA16C7F8B300B5A11A /* Scanner.m in Sources */,
				879C42AC16C7F8B300B5A11A /* StringDetector.m in Sources */,
				879C42AE16C7F8B300B5A11A /* Selection.m in Sources */,
				879C42BB16C7F91D00B5A11A /* CMap.m in Sources */,
				879C42BD16C7F91D00B5A11A /* Font.m in Sources */,
				879C42BF16C7F91D00B5A11A /* FontCollection.m in Sources */,
				879C42C116C7F91D00B5A11A /* FontDescriptor.m in Sources */,
				879C42C316C7F91D00B5A11A /* FontFile.m in Sources */,
				879C42DA16C7F96400B5A11A /* SimpleFont.m in Sources */,
				879C42DC16C7F96400B5A11A /* TrueTypeFont.m in Sources */,
				879C42DE16C7F96400B5A11A /* Type1Font.m in Sources */,
				879C42E016C7F96400B5A11A /* MMType1Font.m in Sources */,
				879C42E216C7F96400B5A11A /* Type3Font.m in Sources */,
				879C42E416C7F96400B5A11A /* CompositeFont.m in Sources */,
				879C42E616C7F96400B5A11A /* Type0Font.m in Sources */,
				879C42E816C7F96400B5A11A /* CIDFont.m in Sources */,
				879C42EA16C7F96400B5A11A /* CIDType0Font.m in Sources */,
				879C42EC16C7F96400B5A11A /* CIDType2Font.m in Sources */,
				11AF2DF416EDB79200B93891 /* XMInfo.m in Sources */,
				11AF2DF916EDB83200B93891 /* ScanViewController.m in Sources */,
				113D4B2016EF10BB0078CF3D /* pageScanner.m in Sources */,
			);
			runOnlyForDeploymentPostprocessing = 0;
		};
		879C425616C7BC4500B5A11A /* Sources */ = {
			isa = PBXSourcesBuildPhase;
			buildActionMask = 2147483647;
			files = (
				879C426A16C7BC4500B5A11A /* PDFReaderTests.m in Sources */,
				879C428416C7F60400B5A11A /* DocumentsView.m in Sources */,
				879C428616C7F60400B5A11A /* OutlineViewController.m in Sources */,
				879C428A16C7F60400B5A11A /* PDFTextViewController.m in Sources */,
				879C428C16C7F60400B5A11A /* PDFPage.m in Sources */,
				879C428E16C7F60400B5A11A /* PDFScrollView.m in Sources */,
				879C42A516C7F8B300B5A11A /* RenderingState.m in Sources */,
				879C42A716C7F8B300B5A11A /* RenderingStateStack.m in Sources */,
				879C42A916C7F8B300B5A11A /* pdfScannerCallbacks.mm in Sources */,
				879C42AB16C7F8B300B5A11A /* Scanner.m in Sources */,
				879C42AD16C7F8B300B5A11A /* StringDetector.m in Sources */,
				879C42AF16C7F8B300B5A11A /* Selection.m in Sources */,
				879C42BC16C7F91D00B5A11A /* CMap.m in Sources */,
				879C42BE16C7F91D00B5A11A /* Font.m in Sources */,
				879C42C016C7F91D00B5A11A /* FontCollection.m in Sources */,
				879C42C216C7F91D00B5A11A /* FontDescriptor.m in Sources */,
				879C42C416C7F91D00B5A11A /* FontFile.m in Sources */,
				879C42DB16C7F96400B5A11A /* SimpleFont.m in Sources */,
				879C42DD16C7F96400B5A11A /* TrueTypeFont.m in Sources */,
				879C42DF16C7F96400B5A11A /* Type1Font.m in Sources */,
				879C42E116C7F96400B5A11A /* MMType1Font.m in Sources */,
				879C42E316C7F96400B5A11A /* Type3Font.m in Sources */,
				879C42E516C7F96400B5A11A /* CompositeFont.m in Sources */,
				879C42E716C7F96400B5A11A /* Type0Font.m in Sources */,
				879C42E916C7F96400B5A11A /* CIDFont.m in Sources */,
				879C42EB16C7F96400B5A11A /* CIDType0Font.m in Sources */,
				879C42ED16C7F96400B5A11A /* CIDType2Font.m in Sources */,
			);
			runOnlyForDeploymentPostprocessing = 0;
		};
/* End PBXSourcesBuildPhase section */

/* Begin PBXTargetDependency section */
		879C426116C7BC4500B5A11A /* PBXTargetDependency */ = {
			isa = PBXTargetDependency;
			target = 879C423316C7BC4500B5A11A /* PDFReader */;
			targetProxy = 879C426016C7BC4500B5A11A /* PBXContainerItemProxy */;
		};
/* End PBXTargetDependency section */

/* Begin PBXVariantGroup section */
		879C424116C7BC4500B5A11A /* InfoPlist.strings */ = {
			isa = PBXVariantGroup;
			children = (
				879C424216C7BC4500B5A11A /* en */,
			);
			name = InfoPlist.strings;
			sourceTree = "<group>";
		};
		879C425316C7BC4500B5A11A /* ViewController.xib */ = {
			isa = PBXVariantGroup;
			children = (
				879C425416C7BC4500B5A11A /* en */,
			);
			name = ViewController.xib;
			sourceTree = "<group>";
		};
		879C426516C7BC4500B5A11A /* InfoPlist.strings */ = {
			isa = PBXVariantGroup;
			children = (
				879C426616C7BC4500B5A11A /* en */,
			);
			name = InfoPlist.strings;
			sourceTree = "<group>";
		};
/* End PBXVariantGroup section */

/* Begin XCBuildConfiguration section */
		879C426B16C7BC4500B5A11A /* Debug */ = {
			isa = XCBuildConfiguration;
			buildSettings = {
				ALWAYS_SEARCH_USER_PATHS = NO;
				CLANG_CXX_LANGUAGE_STANDARD = "gnu++0x";
				CLANG_CXX_LIBRARY = "libc++";
				CLANG_ENABLE_OBJC_ARC = YES;
				CLANG_WARN_EMPTY_BODY = YES;
				CLANG_WARN__DUPLICATE_METHOD_MATCH = YES;
				"CODE_SIGN_IDENTITY[sdk=iphoneos*]" = "iPhone Developer";
				COPY_PHASE_STRIP = NO;
				GCC_C_LANGUAGE_STANDARD = gnu99;
				GCC_DYNAMIC_NO_PIC = NO;
				GCC_OPTIMIZATION_LEVEL = 0;
				GCC_PREPROCESSOR_DEFINITIONS = (
					"DEBUG=1",
					"$(inherited)",
				);
				GCC_SYMBOLS_PRIVATE_EXTERN = NO;
				GCC_WARN_ABOUT_RETURN_TYPE = YES;
				GCC_WARN_UNINITIALIZED_AUTOS = YES;
				GCC_WARN_UNUSED_VARIABLE = YES;
				IPHONEOS_DEPLOYMENT_TARGET = 6.0;
				ONLY_ACTIVE_ARCH = YES;
				SDKROOT = iphoneos;
				TARGETED_DEVICE_FAMILY = 2;
			};
			name = Debug;
		};
		879C426C16C7BC4500B5A11A /* Release */ = {
			isa = XCBuildConfiguration;
			buildSettings = {
				ALWAYS_SEARCH_USER_PATHS = NO;
				CLANG_CXX_LANGUAGE_STANDARD = "gnu++0x";
				CLANG_CXX_LIBRARY = "libc++";
				CLANG_ENABLE_OBJC_ARC = YES;
				CLANG_WARN_EMPTY_BODY = YES;
				CLANG_WARN__DUPLICATE_METHOD_MATCH = YES;
				"CODE_SIGN_IDENTITY[sdk=iphoneos*]" = "iPhone Developer";
				COPY_PHASE_STRIP = YES;
				GCC_C_LANGUAGE_STANDARD = gnu99;
				GCC_WARN_ABOUT_RETURN_TYPE = YES;
				GCC_WARN_UNINITIALIZED_AUTOS = YES;
				GCC_WARN_UNUSED_VARIABLE = YES;
				IPHONEOS_DEPLOYMENT_TARGET = 6.0;
				OTHER_CFLAGS = "-DNS_BLOCK_ASSERTIONS=1";
				SDKROOT = iphoneos;
				TARGETED_DEVICE_FAMILY = 2;
				VALIDATE_PRODUCT = YES;
			};
			name = Release;
		};
		879C426E16C7BC4500B5A11A /* Debug */ = {
			isa = XCBuildConfiguration;
			buildSettings = {
				GCC_PRECOMPILE_PREFIX_HEADER = YES;
				GCC_PREFIX_HEADER = "PDFReader/PDFReader-Prefix.pch";
				INFOPLIST_FILE = "PDFReader/PDFReader-Info.plist";
				PRODUCT_NAME = "$(TARGET_NAME)";
				WRAPPER_EXTENSION = app;
			};
			name = Debug;
		};
		879C426F16C7BC4500B5A11A /* Release */ = {
			isa = XCBuildConfiguration;
			buildSettings = {
				GCC_PRECOMPILE_PREFIX_HEADER = YES;
				GCC_PREFIX_HEADER = "PDFReader/PDFReader-Prefix.pch";
				INFOPLIST_FILE = "PDFReader/PDFReader-Info.plist";
				PRODUCT_NAME = "$(TARGET_NAME)";
				WRAPPER_EXTENSION = app;
			};
			name = Release;
		};
		879C427116C7BC4500B5A11A /* Debug */ = {
			isa = XCBuildConfiguration;
			buildSettings = {
				BUNDLE_LOADER = "$(BUILT_PRODUCTS_DIR)/PDFReader.app/PDFReader";
				FRAMEWORK_SEARCH_PATHS = (
					"\"$(SDKROOT)/Developer/Library/Frameworks\"",
					"\"$(DEVELOPER_LIBRARY_DIR)/Frameworks\"",
				);
				GCC_PRECOMPILE_PREFIX_HEADER = YES;
				GCC_PREFIX_HEADER = "PDFReader/PDFReader-Prefix.pch";
				INFOPLIST_FILE = "PDFReaderTests/PDFReaderTests-Info.plist";
				PRODUCT_NAME = "$(TARGET_NAME)";
				TEST_HOST = "$(BUNDLE_LOADER)";
				WRAPPER_EXTENSION = octest;
			};
			name = Debug;
		};
		879C427216C7BC4500B5A11A /* Release */ = {
			isa = XCBuildConfiguration;
			buildSettings = {
				BUNDLE_LOADER = "$(BUILT_PRODUCTS_DIR)/PDFReader.app/PDFReader";
				FRAMEWORK_SEARCH_PATHS = (
					"\"$(SDKROOT)/Developer/Library/Frameworks\"",
					"\"$(DEVELOPER_LIBRARY_DIR)/Frameworks\"",
				);
				GCC_PRECOMPILE_PREFIX_HEADER = YES;
				GCC_PREFIX_HEADER = "PDFReader/PDFReader-Prefix.pch";
				INFOPLIST_FILE = "PDFReaderTests/PDFReaderTests-Info.plist";
				PRODUCT_NAME = "$(TARGET_NAME)";
				TEST_HOST = "$(BUNDLE_LOADER)";
				WRAPPER_EXTENSION = octest;
			};
			name = Release;
		};
/* End XCBuildConfiguration section */

/* Begin XCConfigurationList section */
		879C422E16C7BC4500B5A11A /* Build configuration list for PBXProject "PDFReader" */ = {
			isa = XCConfigurationList;
			buildConfigurations = (
				879C426B16C7BC4500B5A11A /* Debug */,
				879C426C16C7BC4500B5A11A /* Release */,
			);
			defaultConfigurationIsVisible = 0;
			defaultConfigurationName = Release;
		};
		879C426D16C7BC4500B5A11A /* Build configuration list for PBXNativeTarget "PDFReader" */ = {
			isa = XCConfigurationList;
			buildConfigurations = (
				879C426E16C7BC4500B5A11A /* Debug */,
				879C426F16C7BC4500B5A11A /* Release */,
			);
			defaultConfigurationIsVisible = 0;
			defaultConfigurationName = Release;
		};
		879C427016C7BC4500B5A11A /* Build configuration list for PBXNativeTarget "PDFReaderTests" */ = {
			isa = XCConfigurationList;
			buildConfigurations = (
				879C427116C7BC4500B5A11A /* Debug */,
				879C427216C7BC4500B5A11A /* Release */,
			);
			defaultConfigurationIsVisible = 0;
			defaultConfigurationName = Release;
		};
/* End XCConfigurationList section */
	};
	rootObject = 879C422B16C7BC4500B5A11A /* Project object */;
}
